// !$*UTF8*$!
{
	archiveVersion = 1;
	classes = {
	};
	objectVersion = 56;
	objects = {

/* Begin PBXBuildFile section */
		2F1392E128917DA500E432E8 /* ISO8211Lib in Frameworks */ = {isa = PBXBuildFile; productRef = 2F1392E028917DA500E432E8 /* ISO8211Lib */; };
		2FA46B2828912CDC009FA9F5 /* ISO8211LibTesterApp.swift in Sources */ = {isa = PBXBuildFile; fileRef = 2FA46B2728912CDC009FA9F5 /* ISO8211LibTesterApp.swift */; };
		2FA46B2A28912CDC009FA9F5 /* MathsView.swift in Sources */ = {isa = PBXBuildFile; fileRef = 2FA46B2928912CDC009FA9F5 /* MathsView.swift */; };
		2FA46B2C28912CDD009FA9F5 /* Assets.xcassets in Resources */ = {isa = PBXBuildFile; fileRef = 2FA46B2B28912CDD009FA9F5 /* Assets.xcassets */; };
		2FA46B3028912CDD009FA9F5 /* Preview Assets.xcassets in Resources */ = {isa = PBXBuildFile; fileRef = 2FA46B2F28912CDD009FA9F5 /* Preview Assets.xcassets */; };
		2FA46B3A28912CDD009FA9F5 /* ISO8211LibTesterTests.swift in Sources */ = {isa = PBXBuildFile; fileRef = 2FA46B3928912CDD009FA9F5 /* ISO8211LibTesterTests.swift */; };
		2FA46B4428912CDD009FA9F5 /* ISO8211LibTesterUITests.swift in Sources */ = {isa = PBXBuildFile; fileRef = 2FA46B4328912CDD009FA9F5 /* ISO8211LibTesterUITests.swift */; };
		2FA46B4628912CDD009FA9F5 /* ISO8211LibTesterUITestsLaunchTests.swift in Sources */ = {isa = PBXBuildFile; fileRef = 2FA46B4528912CDD009FA9F5 /* ISO8211LibTesterUITestsLaunchTests.swift */; };
		2FA46B5C2891398C009FA9F5 /* MathsView+Observed.swift in Sources */ = {isa = PBXBuildFile; fileRef = 2FA46B5B2891398C009FA9F5 /* MathsView+Observed.swift */; };
		2FA46B5E28913D12009FA9F5 /* MathsButtonView.swift in Sources */ = {isa = PBXBuildFile; fileRef = 2FA46B5D28913D12009FA9F5 /* MathsButtonView.swift */; };
		2FCB9058289280ED0096E42A /* ISO8211Lib in Frameworks */ = {isa = PBXBuildFile; productRef = 2FCB9057289280ED0096E42A /* ISO8211Lib */; };
		2FCB905C2893F63F0096E42A /* CatalogView+Observed.swift in Sources */ = {isa = PBXBuildFile; fileRef = 2FCB905A2893F63F0096E42A /* CatalogView+Observed.swift */; };
		2FCB905D2893F63F0096E42A /* CatalogView.swift in Sources */ = {isa = PBXBuildFile; fileRef = 2FCB905B2893F63F0096E42A /* CatalogView.swift */; };
		2FCB905F2893F6460096E42A /* HomeTabView.swift in Sources */ = {isa = PBXBuildFile; fileRef = 2FCB905E2893F6460096E42A /* HomeTabView.swift */; };
/* End PBXBuildFile section */

/* Begin PBXContainerItemProxy section */
		2FA46B3628912CDD009FA9F5 /* PBXContainerItemProxy */ = {
			isa = PBXContainerItemProxy;
			containerPortal = 2FA46B1C28912CDC009FA9F5 /* Project object */;
			proxyType = 1;
			remoteGlobalIDString = 2FA46B2328912CDC009FA9F5;
			remoteInfo = ISO8211LibTester;
		};
		2FA46B4028912CDD009FA9F5 /* PBXContainerItemProxy */ = {
			isa = PBXContainerItemProxy;
			containerPortal = 2FA46B1C28912CDC009FA9F5 /* Project object */;
			proxyType = 1;
			remoteGlobalIDString = 2FA46B2328912CDC009FA9F5;
			remoteInfo = ISO8211LibTester;
		};
/* End PBXContainerItemProxy section */

/* Begin PBXFileReference section */
		2FA46B2428912CDC009FA9F5 /* ISO8211LibTester.app */ = {isa = PBXFileReference; explicitFileType = wrapper.application; includeInIndex = 0; path = ISO8211LibTester.app; sourceTree = BUILT_PRODUCTS_DIR; };
		2FA46B2728912CDC009FA9F5 /* ISO8211LibTesterApp.swift */ = {isa = PBXFileReference; lastKnownFileType = sourcecode.swift; path = ISO8211LibTesterApp.swift; sourceTree = "<group>"; };
		2FA46B2928912CDC009FA9F5 /* MathsView.swift */ = {isa = PBXFileReference; lastKnownFileType = sourcecode.swift; path = MathsView.swift; sourceTree = "<group>"; };
		2FA46B2B28912CDD009FA9F5 /* Assets.xcassets */ = {isa = PBXFileReference; lastKnownFileType = folder.assetcatalog; path = Assets.xcassets; sourceTree = "<group>"; };
		2FA46B2D28912CDD009FA9F5 /* ISO8211LibTester.entitlements */ = {isa = PBXFileReference; lastKnownFileType = text.plist.entitlements; path = ISO8211LibTester.entitlements; sourceTree = "<group>"; };
		2FA46B2F28912CDD009FA9F5 /* Preview Assets.xcassets */ = {isa = PBXFileReference; lastKnownFileType = folder.assetcatalog; path = "Preview Assets.xcassets"; sourceTree = "<group>"; };
		2FA46B3528912CDD009FA9F5 /* ISO8211LibTesterTests.xctest */ = {isa = PBXFileReference; explicitFileType = wrapper.cfbundle; includeInIndex = 0; path = ISO8211LibTesterTests.xctest; sourceTree = BUILT_PRODUCTS_DIR; };
		2FA46B3928912CDD009FA9F5 /* ISO8211LibTesterTests.swift */ = {isa = PBXFileReference; lastKnownFileType = sourcecode.swift; path = ISO8211LibTesterTests.swift; sourceTree = "<group>"; };
		2FA46B3F28912CDD009FA9F5 /* ISO8211LibTesterUITests.xctest */ = {isa = PBXFileReference; explicitFileType = wrapper.cfbundle; includeInIndex = 0; path = ISO8211LibTesterUITests.xctest; sourceTree = BUILT_PRODUCTS_DIR; };
		2FA46B4328912CDD009FA9F5 /* ISO8211LibTesterUITests.swift */ = {isa = PBXFileReference; lastKnownFileType = sourcecode.swift; path = ISO8211LibTesterUITests.swift; sourceTree = "<group>"; };
		2FA46B4528912CDD009FA9F5 /* ISO8211LibTesterUITestsLaunchTests.swift */ = {isa = PBXFileReference; lastKnownFileType = sourcecode.swift; path = ISO8211LibTesterUITestsLaunchTests.swift; sourceTree = "<group>"; };
		2FA46B5B2891398C009FA9F5 /* MathsView+Observed.swift */ = {isa = PBXFileReference; lastKnownFileType = sourcecode.swift; path = "MathsView+Observed.swift"; sourceTree = "<group>"; };
		2FA46B5D28913D12009FA9F5 /* MathsButtonView.swift */ = {isa = PBXFileReference; lastKnownFileType = sourcecode.swift; path = MathsButtonView.swift; sourceTree = "<group>"; };
		2FCB90562892801F0096E42A /* ISO8211Lib */ = {isa = PBXFileReference; lastKnownFileType = wrapper; name = ISO8211Lib; path = ../ISO8211Lib; sourceTree = "<group>"; };
		2FCB905A2893F63F0096E42A /* CatalogView+Observed.swift */ = {isa = PBXFileReference; fileEncoding = 4; lastKnownFileType = sourcecode.swift; path = "CatalogView+Observed.swift"; sourceTree = "<group>"; };
		2FCB905B2893F63F0096E42A /* CatalogView.swift */ = {isa = PBXFileReference; fileEncoding = 4; lastKnownFileType = sourcecode.swift; path = CatalogView.swift; sourceTree = "<group>"; };
		2FCB905E2893F6460096E42A /* HomeTabView.swift */ = {isa = PBXFileReference; fileEncoding = 4; lastKnownFileType = sourcecode.swift; path = HomeTabView.swift; sourceTree = "<group>"; };
/* End PBXFileReference section */

/* Begin PBXFrameworksBuildPhase section */
		2FA46B2128912CDC009FA9F5 /* Frameworks */ = {
			isa = PBXFrameworksBuildPhase;
			buildActionMask = 2147483647;
			files = (
				2FCB9058289280ED0096E42A /* ISO8211Lib in Frameworks */,
			);
			runOnlyForDeploymentPostprocessing = 0;
		};
		2FA46B3228912CDD009FA9F5 /* Frameworks */ = {
			isa = PBXFrameworksBuildPhase;
			buildActionMask = 2147483647;
			files = (
			);
			runOnlyForDeploymentPostprocessing = 0;
		};
		2FA46B3C28912CDD009FA9F5 /* Frameworks */ = {
			isa = PBXFrameworksBuildPhase;
			buildActionMask = 2147483647;
			files = (
			);
			runOnlyForDeploymentPostprocessing = 0;
		};
/* End PBXFrameworksBuildPhase section */

/* Begin PBXGroup section */
		2FA46B1B28912CDC009FA9F5 = {
			isa = PBXGroup;
			children = (
				2FCB90562892801F0096E42A /* ISO8211Lib */,
				2FA46B2628912CDC009FA9F5 /* ISO8211LibTester */,
				2FA46B3828912CDD009FA9F5 /* ISO8211LibTesterTests */,
				2FA46B4228912CDD009FA9F5 /* ISO8211LibTesterUITests */,
				2FA46B2528912CDC009FA9F5 /* Products */,
				2FA46B692891548F009FA9F5 /* Frameworks */,
			);
			sourceTree = "<group>";
		};
		2FA46B2528912CDC009FA9F5 /* Products */ = {
			isa = PBXGroup;
			children = (
				2FA46B2428912CDC009FA9F5 /* ISO8211LibTester.app */,
				2FA46B3528912CDD009FA9F5 /* ISO8211LibTesterTests.xctest */,
				2FA46B3F28912CDD009FA9F5 /* ISO8211LibTesterUITests.xctest */,
			);
			name = Products;
			sourceTree = "<group>";
		};
		2FA46B2628912CDC009FA9F5 /* ISO8211LibTester */ = {
			isa = PBXGroup;
			children = (
				2FA46B5F2891433C009FA9F5 /* Scenes */,
				2FA46B2728912CDC009FA9F5 /* ISO8211LibTesterApp.swift */,
				2FA46B2B28912CDD009FA9F5 /* Assets.xcassets */,
				2FA46B2D28912CDD009FA9F5 /* ISO8211LibTester.entitlements */,
				2FA46B2E28912CDD009FA9F5 /* Preview Content */,
			);
			path = ISO8211LibTester;
			sourceTree = "<group>";
		};
		2FA46B2E28912CDD009FA9F5 /* Preview Content */ = {
			isa = PBXGroup;
			children = (
				2FA46B2F28912CDD009FA9F5 /* Preview Assets.xcassets */,
			);
			path = "Preview Content";
			sourceTree = "<group>";
		};
		2FA46B3828912CDD009FA9F5 /* ISO8211LibTesterTests */ = {
			isa = PBXGroup;
			children = (
				2FA46B3928912CDD009FA9F5 /* ISO8211LibTesterTests.swift */,
			);
			path = ISO8211LibTesterTests;
			sourceTree = "<group>";
		};
		2FA46B4228912CDD009FA9F5 /* ISO8211LibTesterUITests */ = {
			isa = PBXGroup;
			children = (
				2FA46B4328912CDD009FA9F5 /* ISO8211LibTesterUITests.swift */,
				2FA46B4528912CDD009FA9F5 /* ISO8211LibTesterUITestsLaunchTests.swift */,
			);
			path = ISO8211LibTesterUITests;
			sourceTree = "<group>";
		};
		2FA46B5F2891433C009FA9F5 /* Scenes */ = {
			isa = PBXGroup;
			children = (
				2FCB905E2893F6460096E42A /* HomeTabView.swift */,
				2FCB90592893F63F0096E42A /* CatalogView */,
				2FA46B6028914439009FA9F5 /* MathsView */,
			);
			path = Scenes;
			sourceTree = "<group>";
		};
		2FA46B6028914439009FA9F5 /* MathsView */ = {
			isa = PBXGroup;
			children = (
				2FA46B2928912CDC009FA9F5 /* MathsView.swift */,
				2FA46B5B2891398C009FA9F5 /* MathsView+Observed.swift */,
				2FA46B5D28913D12009FA9F5 /* MathsButtonView.swift */,
			);
			path = MathsView;
			sourceTree = "<group>";
		};
		2FA46B692891548F009FA9F5 /* Frameworks */ = {

/* End PBXGroup section */

/* Begin PBXNativeTarget section */
		2FA46B2328912CDC009FA9F5 /* ISO8211LibTester */ = {
			isa = PBXNativeTarget;
			buildConfigurationList = 2FA46B4928912CDD009FA9F5 /* Build configuration list for PBXNativeTarget "ISO8211LibTester" */;
			buildPhases = (
				2FA46B2028912CDC009FA9F5 /* Sources */,
				2FA46B2128912CDC009FA9F5 /* Frameworks */,
				2FA46B2228912CDC009FA9F5 /* Resources */,
			);
			buildRules = (
			);
			dependencies = (
			);
			name = ISO8211LibTester;
			packageProductDependencies = (
				2FCB9057289280ED0096E42A /* ISO8211Lib */,
			);
			productName = ISO8211LibTester;
			productReference = 2FA46B2428912CDC009FA9F5 /* ISO8211LibTester.app */;
			productType = "com.apple.product-type.application";
		};
		2FA46B3428912CDD009FA9F5 /* ISO8211LibTesterTests */ = {
			isa = PBXNativeTarget;
			buildConfigurationList = 2FA46B4C28912CDD009FA9F5 /* Build configuration list for PBXNativeTarget "ISO8211LibTesterTests" */;
			buildPhases = (
				2FA46B3128912CDD009FA9F5 /* Sources */,
				2FA46B3228912CDD009FA9F5 /* Frameworks */,
				2FA46B3328912CDD009FA9F5 /* Resources */,
			);
			buildRules = (
			);
			dependencies = (
				2FA46B3728912CDD009FA9F5 /* PBXTargetDependency */,
			);
			name = ISO8211LibTesterTests;
			productName = ISO8211LibTesterTests;
			productReference = 2FA46B3528912CDD009FA9F5 /* ISO8211LibTesterTests.xctest */;
			productType = "com.apple.product-type.bundle.unit-test";
		};
		2FA46B3E28912CDD009FA9F5 /* ISO8211LibTesterUITests */ = {
			isa = PBXNativeTarget;
			buildConfigurationList = 2FA46B4F28912CDD009FA9F5 /* Build configuration list for PBXNativeTarget "ISO8211LibTesterUITests" */;
			buildPhases = (
				2FA46B3B28912CDD009FA9F5 /* Sources */,
				2FA46B3C28912CDD009FA9F5 /* Frameworks */,
				2FA46B3D28912CDD009FA9F5 /* Resources */,
			);
			buildRules = (
			);
			dependencies = (
				2FA46B4128912CDD009FA9F5 /* PBXTargetDependency */,
			);
			name = ISO8211LibTesterUITests;
			productName = ISO8211LibTesterUITests;
			productReference = 2FA46B3F28912CDD009FA9F5 /* ISO8211LibTesterUITests.xctest */;
			productType = "com.apple.product-type.bundle.ui-testing";
		};
/* End PBXNativeTarget section */

/* Begin PBXProject section */
		2FA46B1C28912CDC009FA9F5 /* Project object */ = {
			isa = PBXProject;
			attributes = {
				BuildIndependentTargetsInParallel = 1;
				LastSwiftUpdateCheck = 1400;
				LastUpgradeCheck = 1400;
				TargetAttributes = {
					2FA46B2328912CDC009FA9F5 = {
						CreatedOnToolsVersion = 14.0;
						LastSwiftMigration = 1400;
					};
					2FA46B3428912CDD009FA9F5 = {
						CreatedOnToolsVersion = 14.0;
						TestTargetID = 2FA46B2328912CDC009FA9F5;
					};
					2FA46B3E28912CDD009FA9F5 = {
						CreatedOnToolsVersion = 14.0;
						TestTargetID = 2FA46B2328912CDC009FA9F5;
					};
				};
			};
			buildConfigurationList = 2FA46B1F28912CDC009FA9F5 /* Build configuration list for PBXProject "ISO8211LibTester" */;
			compatibilityVersion = "Xcode 14.0";
			developmentRegion = en;
			hasScannedForEncodings = 0;
			knownRegions = (
				en,
				Base,
			);
			mainGroup = 2FA46B1B28912CDC009FA9F5;
			packageReferences = (
			);
			productRefGroup = 2FA46B2528912CDC009FA9F5 /* Products */;
			projectDirPath = "";
			projectRoot = "";
			targets = (
				2FA46B2328912CDC009FA9F5 /* ISO8211LibTester */,
				2FA46B3428912CDD009FA9F5 /* ISO8211LibTesterTests */,
				2FA46B3E28912CDD009FA9F5 /* ISO8211LibTesterUITests */,
			);
		};
/* End PBXProject section */

/* Begin PBXResourcesBuildPhase section */
		2FA46B2228912CDC009FA9F5 /* Resources */ = {
			isa = PBXResourcesBuildPhase;
			buildActionMask = 2147483647;
			files = (
				2FA46B3028912CDD009FA9F5 /* Preview Assets.xcassets in Resources */,
				2FA46B2C28912CDD009FA9F5 /* Assets.xcassets in Resources */,
			);
			runOnlyForDeploymentPostprocessing = 0;
		};
		2FA46B3328912CDD009FA9F5 /* Resources */ = {
			isa = PBXResourcesBuildPhase;
			buildActionMask = 2147483647;
			files = (
			);
			runOnlyForDeploymentPostprocessing = 0;
		};
		2FA46B3D28912CDD009FA9F5 /* Resources */ = {
			isa = PBXResourcesBuildPhase;
			buildActionMask = 2147483647;
			files = (
			);
			runOnlyForDeploymentPostprocessing = 0;
		};
/* End PBXResourcesBuildPhase section */

/* Begin PBXSourcesBuildPhase section */
		2FA46B2028912CDC009FA9F5 /* Sources */ = {
			isa = PBXSourcesBuildPhase;
			buildActionMask = 2147483647;
			files = (
				2FA46B5E28913D12009FA9F5 /* MathsButtonView.swift in Sources */,
				2FCB905C2893F63F0096E42A /* CatalogView+Observed.swift in Sources */,
				2FA46B5C2891398C009FA9F5 /* MathsView+Observed.swift in Sources */,
				2FA46B2A28912CDC009FA9F5 /* MathsView.swift in Sources */,
				2FCB905F2893F6460096E42A /* HomeTabView.swift in Sources */,
				2FCB905D2893F63F0096E42A /* CatalogView.swift in Sources */,
				2FA46B2828912CDC009FA9F5 /* ISO8211LibTesterApp.swift in Sources */,
			);
			runOnlyForDeploymentPostprocessing = 0;
		};
		2FA46B3128912CDD009FA9F5 /* Sources */ = {
			isa = PBXSourcesBuildPhase;
			buildActionMask = 2147483647;
			files = (
				2FA46B3A28912CDD009FA9F5 /* ISO8211LibTesterTests.swift in Sources */,
			);
			runOnlyForDeploymentPostprocessing = 0;
		};
		2FA46B3B28912CDD009FA9F5 /* Sources */ = {
			isa = PBXSourcesBuildPhase;
			buildActionMask = 2147483647;
			files = (
				2FA46B4428912CDD009FA9F5 /* ISO8211LibTesterUITests.swift in Sources */,
				2FA46B4628912CDD009FA9F5 /* ISO8211LibTesterUITestsLaunchTests.swift in Sources */,
			);
			runOnlyForDeploymentPostprocessing = 0;
		};
/* End PBXSourcesBuildPhase section */

/* Begin PBXTargetDependency section */
		2FA46B3728912CDD009FA9F5 /* PBXTargetDependency */ = {
			isa = PBXTargetDependency;
			target = 2FA46B2328912CDC009FA9F5 /* ISO8211LibTester */;
			targetProxy = 2FA46B3628912CDD009FA9F5 /* PBXContainerItemProxy */;
		};
		2FA46B4128912CDD009FA9F5 /* PBXTargetDependency */ = {
			isa = PBXTargetDependency;
			target = 2FA46B2328912CDC009FA9F5 /* ISO8211LibTester */;
			targetProxy = 2FA46B4028912CDD009FA9F5 /* PBXContainerItemProxy */;
		};
/* End PBXTargetDependency section */

/* Begin XCBuildConfiguration section */
		2FA46B4728912CDD009FA9F5 /* Debug */ = {
			isa = XCBuildConfiguration;
			buildSettings = {
				ALWAYS_SEARCH_USER_PATHS = NO;
				CLANG_ANALYZER_NONNULL = YES;
				CLANG_ANALYZER_NUMBER_OBJECT_CONVERSION = YES_AGGRESSIVE;
				CLANG_CXX_LANGUAGE_STANDARD = "gnu++17";
				CLANG_ENABLE_MODULES = YES;
				CLANG_ENABLE_OBJC_ARC = YES;
				CLANG_ENABLE_OBJC_WEAK = YES;
				CLANG_WARN_BLOCK_CAPTURE_AUTORELEASING = YES;
				CLANG_WARN_BOOL_CONVERSION = YES;
				CLANG_WARN_COMMA = YES;
				CLANG_WARN_CONSTANT_CONVERSION = YES;
				CLANG_WARN_DEPRECATED_OBJC_IMPLEMENTATIONS = YES;
				CLANG_WARN_DIRECT_OBJC_ISA_USAGE = YES_ERROR;
				CLANG_WARN_DOCUMENTATION_COMMENTS = YES;
				CLANG_WARN_EMPTY_BODY = YES;
				CLANG_WARN_ENUM_CONVERSION = YES;
				CLANG_WARN_INFINITE_RECURSION = YES;
				CLANG_WARN_INT_CONVERSION = YES;
				CLANG_WARN_NON_LITERAL_NULL_CONVERSION = YES;
				CLANG_WARN_OBJC_IMPLICIT_RETAIN_SELF = YES;
				CLANG_WARN_OBJC_LITERAL_CONVERSION = YES;
				CLANG_WARN_OBJC_ROOT_CLASS = YES_ERROR;
				CLANG_WARN_QUOTED_INCLUDE_IN_FRAMEWORK_HEADER = YES;
				CLANG_WARN_RANGE_LOOP_ANALYSIS = YES;
				CLANG_WARN_STRICT_PROTOTYPES = YES;
				CLANG_WARN_SUSPICIOUS_MOVE = YES;
				CLANG_WARN_UNGUARDED_AVAILABILITY = YES_AGGRESSIVE;
				CLANG_WARN_UNREACHABLE_CODE = YES;
				CLANG_WARN__DUPLICATE_METHOD_MATCH = YES;
				COPY_PHASE_STRIP = NO;
				DEBUG_INFORMATION_FORMAT = dwarf;
				ENABLE_STRICT_OBJC_MSGSEND = YES;
				ENABLE_TESTABILITY = YES;
				GCC_C_LANGUAGE_STANDARD = gnu11;
				GCC_DYNAMIC_NO_PIC = NO;
				GCC_NO_COMMON_BLOCKS = YES;
				GCC_OPTIMIZATION_LEVEL = 0;
				GCC_PREPROCESSOR_DEFINITIONS = (
					"DEBUG=1",
					"$(inherited)",
				);
				GCC_WARN_64_TO_32_BIT_CONVERSION = YES;
				GCC_WARN_ABOUT_RETURN_TYPE = YES_ERROR;
				GCC_WARN_UNDECLARED_SELECTOR = YES;
				GCC_WARN_UNINITIALIZED_AUTOS = YES_AGGRESSIVE;
				GCC_WARN_UNUSED_FUNCTION = YES;
				GCC_WARN_UNUSED_VARIABLE = YES;
				MTL_ENABLE_DEBUG_INFO = INCLUDE_SOURCE;
				MTL_FAST_MATH = YES;
				ONLY_ACTIVE_ARCH = YES;
				SWIFT_ACTIVE_COMPILATION_CONDITIONS = DEBUG;
				SWIFT_OPTIMIZATION_LEVEL = "-Onone";
			};
			name = Debug;
		};
		2FA46B4828912CDD009FA9F5 /* Release */ = {
			isa = XCBuildConfiguration;
			buildSettings = {
				ALWAYS_SEARCH_USER_PATHS = NO;
				CLANG_ANALYZER_NONNULL = YES;
				CLANG_ANALYZER_NUMBER_OBJECT_CONVERSION = YES_AGGRESSIVE;
				CLANG_CXX_LANGUAGE_STANDARD = "gnu++17";
				CLANG_ENABLE_MODULES = YES;
				CLANG_ENABLE_OBJC_ARC = YES;
				CLANG_ENABLE_OBJC_WEAK = YES;
				CLANG_WARN_BLOCK_CAPTURE_AUTORELEASING = YES;
				CLANG_WARN_BOOL_CONVERSION = YES;
				CLANG_WARN_COMMA = YES;
				CLANG_WARN_CONSTANT_CONVERSION = YES;
				CLANG_WARN_DEPRECATED_OBJC_IMPLEMENTATIONS = YES;
				CLANG_WARN_DIRECT_OBJC_ISA_USAGE = YES_ERROR;
				CLANG_WARN_DOCUMENTATION_COMMENTS = YES;
				CLANG_WARN_EMPTY_BODY = YES;
				CLANG_WARN_ENUM_CONVERSION = YES;
				CLANG_WARN_INFINITE_RECURSION = YES;
				CLANG_WARN_INT_CONVERSION = YES;
				CLANG_WARN_NON_LITERAL_NULL_CONVERSION = YES;
				CLANG_WARN_OBJC_IMPLICIT_RETAIN_SELF = YES;
				CLANG_WARN_OBJC_LITERAL_CONVERSION = YES;
				CLANG_WARN_OBJC_ROOT_CLASS = YES_ERROR;
				CLANG_WARN_QUOTED_INCLUDE_IN_FRAMEWORK_HEADER = YES;
				CLANG_WARN_RANGE_LOOP_ANALYSIS = YES;
				CLANG_WARN_STRICT_PROTOTYPES = YES;
				CLANG_WARN_SUSPICIOUS_MOVE = YES;
				CLANG_WARN_UNGUARDED_AVAILABILITY = YES_AGGRESSIVE;
				CLANG_WARN_UNREACHABLE_CODE = YES;
				CLANG_WARN__DUPLICATE_METHOD_MATCH = YES;
				COPY_PHASE_STRIP = NO;
				DEBUG_INFORMATION_FORMAT = "dwarf-with-dsym";
				ENABLE_NS_ASSERTIONS = NO;
				ENABLE_STRICT_OBJC_MSGSEND = YES;
				GCC_C_LANGUAGE_STANDARD = gnu11;
				GCC_NO_COMMON_BLOCKS = YES;
				GCC_WARN_64_TO_32_BIT_CONVERSION = YES;
				GCC_WARN_ABOUT_RETURN_TYPE = YES_ERROR;
				GCC_WARN_UNDECLARED_SELECTOR = YES;
				GCC_WARN_UNINITIALIZED_AUTOS = YES_AGGRESSIVE;
				GCC_WARN_UNUSED_FUNCTION = YES;
				GCC_WARN_UNUSED_VARIABLE = YES;
				MTL_ENABLE_DEBUG_INFO = NO;
				MTL_FAST_MATH = YES;
				SWIFT_COMPILATION_MODE = wholemodule;
				SWIFT_OPTIMIZATION_LEVEL = "-O";
			};
			name = Release;
		};
		2FA46B4A28912CDD009FA9F5 /* Debug */ = {
			isa = XCBuildConfiguration;
			buildSettings = {
				ASSETCATALOG_COMPILER_APPICON_NAME = AppIcon;
				ASSETCATALOG_COMPILER_GLOBAL_ACCENT_COLOR_NAME = AccentColor;
				CLANG_ENABLE_MODULES = YES;
				CODE_SIGN_ENTITLEMENTS = ISO8211LibTester/ISO8211LibTester.entitlements;
				CODE_SIGN_STYLE = Automatic;
				CURRENT_PROJECT_VERSION = 1;
				DEVELOPMENT_ASSET_PATHS = "\"ISO8211LibTester/Preview Content\"";
				DEVELOPMENT_TEAM = 3G54NEN3F6;
				ENABLE_HARDENED_RUNTIME = YES;
				ENABLE_PREVIEWS = YES;
				GENERATE_INFOPLIST_FILE = YES;
				INFOPLIST_KEY_LSApplicationCategoryType = "public.app-category.navigation";
				"INFOPLIST_KEY_UILaunchScreen_Generation[sdk=iphoneos*]" = YES;
				"INFOPLIST_KEY_UILaunchScreen_Generation[sdk=iphonesimulator*]" = YES;
				INFOPLIST_KEY_UISupportedInterfaceOrientations_iPad = "UIInterfaceOrientationPortrait UIInterfaceOrientationPortraitUpsideDown UIInterfaceOrientationLandscapeLeft UIInterfaceOrientationLandscapeRight";
				INFOPLIST_KEY_UISupportedInterfaceOrientations_iPhone = "UIInterfaceOrientationPortrait UIInterfaceOrientationLandscapeLeft UIInterfaceOrientationLandscapeRight";
				IPHONEOS_DEPLOYMENT_TARGET = 16.0;
				LD_RUNPATH_SEARCH_PATHS = "@executable_path/Frameworks";
				"LD_RUNPATH_SEARCH_PATHS[sdk=macosx*]" = "@executable_path/../Frameworks";
				MACOSX_DEPLOYMENT_TARGET = 13.0;
				MARKETING_VERSION = 1.0;
				PRODUCT_BUNDLE_IDENTIFIER = marine.digital.ISO8211LibTester;
				PRODUCT_NAME = "$(TARGET_NAME)";
				SDKROOT = auto;
				SUPPORTED_PLATFORMS = "iphoneos iphonesimulator macosx";
				SWIFT_EMIT_LOC_STRINGS = YES;
				SWIFT_OBJC_BRIDGING_HEADER = "";
				SWIFT_OBJC_INTERFACE_HEADER_NAME = "";
				SWIFT_OPTIMIZATION_LEVEL = "-Onone";
				SWIFT_VERSION = 5.0;
				TARGETED_DEVICE_FAMILY = "1,2";
			};
			name = Debug;
		};
		2FA46B4B28912CDD009FA9F5 /* Release */ = {
			isa = XCBuildConfiguration;
			buildSettings = {
				ASSETCATALOG_COMPILER_APPICON_NAME = AppIcon;
				ASSETCATALOG_COMPILER_GLOBAL_ACCENT_COLOR_NAME = AccentColor;
				CLANG_ENABLE_MODULES = YES;
				CODE_SIGN_ENTITLEMENTS = ISO8211LibTester/ISO8211LibTester.entitlements;
				CODE_SIGN_STYLE = Automatic;
				CURRENT_PROJECT_VERSION = 1;
				DEVELOPMENT_ASSET_PATHS = "\"ISO8211LibTester/Preview Content\"";
				DEVELOPMENT_TEAM = 3G54NEN3F6;
				ENABLE_HARDENED_RUNTIME = YES;
				ENABLE_PREVIEWS = YES;
				GENERATE_INFOPLIST_FILE = YES;
				INFOPLIST_KEY_LSApplicationCategoryType = "public.app-category.navigation";
				"INFOPLIST_KEY_UILaunchScreen_Generation[sdk=iphoneos*]" = YES;
				"INFOPLIST_KEY_UILaunchScreen_Generation[sdk=iphonesimulator*]" = YES;
				INFOPLIST_KEY_UISupportedInterfaceOrientations_iPad = "UIInterfaceOrientationPortrait UIInterfaceOrientationPortraitUpsideDown UIInterfaceOrientationLandscapeLeft UIInterfaceOrientationLandscapeRight";
				INFOPLIST_KEY_UISupportedInterfaceOrientations_iPhone = "UIInterfaceOrientationPortrait UIInterfaceOrientationLandscapeLeft UIInterfaceOrientationLandscapeRight";
				IPHONEOS_DEPLOYMENT_TARGET = 16.0;
				LD_RUNPATH_SEARCH_PATHS = "@executable_path/Frameworks";
				"LD_RUNPATH_SEARCH_PATHS[sdk=macosx*]" = "@executable_path/../Frameworks";
				MACOSX_DEPLOYMENT_TARGET = 13.0;
				MARKETING_VERSION = 1.0;
				PRODUCT_BUNDLE_IDENTIFIER = marine.digital.ISO8211LibTester;
				PRODUCT_NAME = "$(TARGET_NAME)";
				SDKROOT = auto;
				SUPPORTED_PLATFORMS = "iphoneos iphonesimulator macosx";
				SWIFT_EMIT_LOC_STRINGS = YES;
				SWIFT_OBJC_BRIDGING_HEADER = "";
				SWIFT_OBJC_INTERFACE_HEADER_NAME = "";
				SWIFT_VERSION = 5.0;
				TARGETED_DEVICE_FAMILY = "1,2";
			};
			name = Release;
		};
		2FA46B4D28912CDD009FA9F5 /* Debug */ = {
			isa = XCBuildConfiguration;
			buildSettings = {
				ALWAYS_EMBED_SWIFT_STANDARD_LIBRARIES = YES;
				ASSETCATALOG_COMPILER_APPICON_NAME = AppIcon;
				BUNDLE_LOADER = "$(TEST_HOST)";
				CODE_SIGN_STYLE = Automatic;
				CURRENT_PROJECT_VERSION = 1;
				DEVELOPMENT_TEAM = 3G54NEN3F6;
				GENERATE_INFOPLIST_FILE = YES;
				IPHONEOS_DEPLOYMENT_TARGET = 16.0;
				MACOSX_DEPLOYMENT_TARGET = 13.0;
				MARKETING_VERSION = 1.0;
				PRODUCT_BUNDLE_IDENTIFIER = marine.digital.ISO8211LibTesterTests;
				PRODUCT_NAME = "$(TARGET_NAME)";
				SDKROOT = auto;
				SUPPORTED_PLATFORMS = "iphoneos iphonesimulator macosx";
				SWIFT_EMIT_LOC_STRINGS = NO;
				SWIFT_VERSION = 5.0;
				TARGETED_DEVICE_FAMILY = "1,2";
				TEST_HOST = "$(BUILT_PRODUCTS_DIR)/ISO8211LibTester.app/$(BUNDLE_EXECUTABLE_FOLDER_PATH)/ISO8211LibTester";
			};
			name = Debug;
		};
		2FA46B4E28912CDD009FA9F5 /* Release */ = {
			isa = XCBuildConfiguration;
			buildSettings = {
				ALWAYS_EMBED_SWIFT_STANDARD_LIBRARIES = YES;
				ASSETCATALOG_COMPILER_APPICON_NAME = AppIcon;
				BUNDLE_LOADER = "$(TEST_HOST)";
				CODE_SIGN_STYLE = Automatic;
				CURRENT_PROJECT_VERSION = 1;
				DEVELOPMENT_TEAM = 3G54NEN3F6;
				GENERATE_INFOPLIST_FILE = YES;
				IPHONEOS_DEPLOYMENT_TARGET = 16.0;
				MACOSX_DEPLOYMENT_TARGET = 13.0;
				MARKETING_VERSION = 1.0;
				PRODUCT_BUNDLE_IDENTIFIER = marine.digital.ISO8211LibTesterTests;
				PRODUCT_NAME = "$(TARGET_NAME)";
				SDKROOT = auto;
				SUPPORTED_PLATFORMS = "iphoneos iphonesimulator macosx";
				SWIFT_EMIT_LOC_STRINGS = NO;
				SWIFT_VERSION = 5.0;
				TARGETED_DEVICE_FAMILY = "1,2";
				TEST_HOST = "$(BUILT_PRODUCTS_DIR)/ISO8211LibTester.app/$(BUNDLE_EXECUTABLE_FOLDER_PATH)/ISO8211LibTester";
			};
			name = Release;
		};
		2FA46B5028912CDD009FA9F5 /* Debug */ = {
			isa = XCBuildConfiguration;
			buildSettings = {
				ALWAYS_EMBED_SWIFT_STANDARD_LIBRARIES = YES;
				CODE_SIGN_STYLE = Automatic;
				CURRENT_PROJECT_VERSION = 1;
				DEVELOPMENT_TEAM = 3G54NEN3F6;
				GENERATE_INFOPLIST_FILE = YES;
				IPHONEOS_DEPLOYMENT_TARGET = 16.0;
				MACOSX_DEPLOYMENT_TARGET = 13.0;
				MARKETING_VERSION = 1.0;
				PRODUCT_BUNDLE_IDENTIFIER = marine.digital.ISO8211LibTesterUITests;
				PRODUCT_NAME = "$(TARGET_NAME)";
				SDKROOT = auto;
				SUPPORTED_PLATFORMS = "iphoneos iphonesimulator macosx";
				SWIFT_EMIT_LOC_STRINGS = NO;
				SWIFT_VERSION = 5.0;
				TARGETED_DEVICE_FAMILY = "1,2";
				TEST_TARGET_NAME = ISO8211LibTester;
			};
			name = Debug;
		};
		2FA46B5128912CDD009FA9F5 /* Release */ = {
			isa = XCBuildConfiguration;
			buildSettings = {
				ALWAYS_EMBED_SWIFT_STANDARD_LIBRARIES = YES;
				CODE_SIGN_STYLE = Automatic;
				CURRENT_PROJECT_VERSION = 1;
				DEVELOPMENT_TEAM = 3G54NEN3F6;
				GENERATE_INFOPLIST_FILE = YES;
				IPHONEOS_DEPLOYMENT_TARGET = 16.0;
				MACOSX_DEPLOYMENT_TARGET = 13.0;
				MARKETING_VERSION = 1.0;
				PRODUCT_BUNDLE_IDENTIFIER = marine.digital.ISO8211LibTesterUITests;
				PRODUCT_NAME = "$(TARGET_NAME)";
				SDKROOT = auto;
				SUPPORTED_PLATFORMS = "iphoneos iphonesimulator macosx";
				SWIFT_EMIT_LOC_STRINGS = NO;
				SWIFT_VERSION = 5.0;
				TARGETED_DEVICE_FAMILY = "1,2";
				TEST_TARGET_NAME = ISO8211LibTester;
			};
			name = Release;
		};
/* End XCBuildConfiguration section */

/* Begin XCConfigurationList section */
		2FA46B1F28912CDC009FA9F5 /* Build configuration list for PBXProject "ISO8211LibTester" */ = {
			isa = XCConfigurationList;
			buildConfigurations = (
				2FA46B4728912CDD009FA9F5 /* Debug */,
				2FA46B4828912CDD009FA9F5 /* Release */,
			);
			defaultConfigurationIsVisible = 0;
			defaultConfigurationName = Release;
		};
		2FA46B4928912CDD009FA9F5 /* Build configuration list for PBXNativeTarget "ISO8211LibTester" */ = {
			isa = XCConfigurationList;
			buildConfigurations = (
				2FA46B4A28912CDD009FA9F5 /* Debug */,
				2FA46B4B28912CDD009FA9F5 /* Release */,
			);
			defaultConfigurationIsVisible = 0;
			defaultConfigurationName = Release;
		};
		2FA46B4C28912CDD009FA9F5 /* Build configuration list for PBXNativeTarget "ISO8211LibTesterTests" */ = {
			isa = XCConfigurationList;
			buildConfigurations = (
				2FA46B4D28912CDD009FA9F5 /* Debug */,
				2FA46B4E28912CDD009FA9F5 /* Release */,
			);
			defaultConfigurationIsVisible = 0;
			defaultConfigurationName = Release;
		};
		2FA46B4F28912CDD009FA9F5 /* Build configuration list for PBXNativeTarget "ISO8211LibTesterUITests" */ = {
			isa = XCConfigurationList;
			buildConfigurations = (
				2FA46B5028912CDD009FA9F5 /* Debug */,
				2FA46B5128912CDD009FA9F5 /* Release */,
			);
			defaultConfigurationIsVisible = 0;
			defaultConfigurationName = Release;
		};
/* End XCConfigurationList section */
/* Begin XCSwiftPackageProductDependency section */
		2FCB9057289280ED0096E42A /* ISO8211Lib */ = {
			isa = XCSwiftPackageProductDependency;

			productName = ISO8211Lib;
		};
/* End XCSwiftPackageProductDependency section */
	};
	rootObject = 2FA46B1C28912CDC009FA9F5 /* Project object */;
}
